
Microsoft Visual Studio Solution File, Format Version 12.00
# Visual Studio 2015
Project("{FAE04EC0-301F-11D3-BF4B-00C04F79EFBC}") = "myUnitGame.CSharp", "myUnitGame.CSharp.csproj", "{107BBA55-DEED-4C70-A364-01AC9EE40CF9}"
EndProject
Global
	GlobalSection(SolutionConfigurationPlatforms) = preSolution
		Debug|Any CPU = Debug|Any CPU
		Release|Any CPU = Release|Any CPU
	EndGlobalSection
	GlobalSection(ProjectConfigurationPlatforms) = postSolution
		{107BBA55-DEED-4C70-A364-01AC9EE40CF9}.Debug|Any CPU.ActiveCfg = Debug|Any CPU
		{107BBA55-DEED-4C70-A364-01AC9EE40CF9}.Debug|Any CPU.Build.0 = Debug|Any CPU
		{107BBA55-DEED-4C70-A364-01AC9EE40CF9}.Release|Any CPU.ActiveCfg = Release|Any CPU
		{107BBA55-DEED-4C70-A364-01AC9EE40CF9}.Release|Any CPU.Build.0 = Release|Any CPU
	EndGlobalSection
	GlobalSection(SolutionProperties) = preSolution
		HideSolutionNode = FALSE
	EndGlobalSection
EndGlobal
